
Microsoft Visual Studio Solution File, Format Version 12.00
# Visual Studio Version 16
VisualStudioVersion = 16.0.31729.503
MinimumVisualStudioVersion = 10.0.40219.1
Project("{FAE04EC0-301F-11D3-BF4B-00C04F79EFBC}") = "wypozyczalnia samochodow", "wypozyczalnia samochodow\wypozyczalnia samochodow.csproj", "{267D0F0E-4749-4E98-8154-8736720983BD}"
EndProject
Global
	GlobalSection(SolutionConfigurationPlatforms) = preSolution
		Debug|Any CPU = Debug|Any CPU
		Release|Any CPU = Release|Any CPU
	EndGlobalSection
	GlobalSection(ProjectConfigurationPlatforms) = postSolution
		{267D0F0E-4749-4E98-8154-8736720983BD}.Debug|Any CPU.ActiveCfg = Debug|Any CPU
		{267D0F0E-4749-4E98-8154-8736720983BD}.Debug|Any CPU.Build.0 = Debug|Any CPU
		{267D0F0E-4749-4E98-8154-8736720983BD}.Release|Any CPU.ActiveCfg = Release|Any CPU
		{267D0F0E-4749-4E98-8154-8736720983BD}.Release|Any CPU.Build.0 = Release|Any CPU
	EndGlobalSection
	GlobalSection(SolutionProperties) = preSolution
		HideSolutionNode = FALSE
	EndGlobalSection
	GlobalSection(ExtensibilityGlobals) = postSolution
		SolutionGuid = {83FDF7E1-82D8-4A92-A1E7-36B9CFDF32C7}
	EndGlobalSection
EndGlobal
